
Microsoft Visual Studio Solution File, Format Version 12.00
# Visual Studio Version 17
VisualStudioVersion = 17.2.32519.379
MinimumVisualStudioVersion = 10.0.40219.1
Project("{FAE04EC0-301F-11D3-BF4B-00C04F79EFBC}") = "BarcodeExtraction", "BarcodeExtraction\BarcodeExtraction.csproj", "{2A99133B-8967-4FC4-9729-E7718403A1D0}"
EndProject
Global
	GlobalSection(SolutionConfigurationPlatforms) = preSolution
		Debug|Any CPU = Debug|Any CPU
		Release|Any CPU = Release|Any CPU
	EndGlobalSection
	GlobalSection(ProjectConfigurationPlatforms) = postSolution
		{2A99133B-8967-4FC4-9729-E7718403A1D0}.Debug|Any CPU.ActiveCfg = Debug|Any CPU
		{2A99133B-8967-4FC4-9729-E7718403A1D0}.Debug|Any CPU.Build.0 = Debug|Any CPU
		{2A99133B-8967-4FC4-9729-E7718403A1D0}.Release|Any CPU.ActiveCfg = Release|Any CPU
		{2A99133B-8967-4FC4-9729-E7718403A1D0}.Release|Any CPU.Build.0 = Release|Any CPU
	EndGlobalSection
	GlobalSection(SolutionProperties) = preSolution
		HideSolutionNode = FALSE
	EndGlobalSection
	GlobalSection(ExtensibilityGlobals) = postSolution
		SolutionGuid = {03545E1A-D911-42D3-80CF-8F4C18DF047A}
	EndGlobalSection
EndGlobal
